
Microsoft Visual Studio Solution File, Format Version 12.00
# Visual Studio Version 17
VisualStudioVersion = 17.4.33205.214
MinimumVisualStudioVersion = 10.0.40219.1
Project("{FAE04EC0-301F-11D3-BF4B-00C04F79EFBC}") = "VivesBlog", "VivesBlog\VivesBlog.csproj", "{5969BAF0-B23A-48BB-AA8E-BBEE9E5D0419}"
EndProject
Global
	GlobalSection(SolutionConfigurationPlatforms) = preSolution
		Debug|Any CPU = Debug|Any CPU
		Release|Any CPU = Release|Any CPU
	EndGlobalSection
	GlobalSection(ProjectConfigurationPlatforms) = postSolution
		{5969BAF0-B23A-48BB-AA8E-BBEE9E5D0419}.Debug|Any CPU.ActiveCfg = Debug|Any CPU
		{5969BAF0-B23A-48BB-AA8E-BBEE9E5D0419}.Debug|Any CPU.Build.0 = Debug|Any CPU
		{5969BAF0-B23A-48BB-AA8E-BBEE9E5D0419}.Release|Any CPU.ActiveCfg = Release|Any CPU
		{5969BAF0-B23A-48BB-AA8E-BBEE9E5D0419}.Release|Any CPU.Build.0 = Release|Any CPU
	EndGlobalSection
	GlobalSection(SolutionProperties) = preSolution
		HideSolutionNode = FALSE
	EndGlobalSection
	GlobalSection(ExtensibilityGlobals) = postSolution
		SolutionGuid = {C2BED14A-B273-47DC-90B7-FC7870BB9295}
	EndGlobalSection
EndGlobal
